
Microsoft Visual Studio Solution File, Format Version 12.00
# Visual Studio Version 17
VisualStudioVersion = 17.14.36301.6 d17.14
MinimumVisualStudioVersion = 10.0.40219.1
Project("{FAE04EC0-301F-11D3-BF4B-00C04F79EFBC}") = "NetworkApp5", "NetworkApp5\NetworkApp5.csproj", "{D68AA9FD-CB19-479D-A0E9-8745C56CA4BF}"
EndProject
Global
	GlobalSection(SolutionConfigurationPlatforms) = preSolution
		Debug|Any CPU = Debug|Any CPU
		Release|Any CPU = Release|Any CPU
	EndGlobalSection
	GlobalSection(ProjectConfigurationPlatforms) = postSolution
		{D68AA9FD-CB19-479D-A0E9-8745C56CA4BF}.Debug|Any CPU.ActiveCfg = Debug|Any CPU
		{D68AA9FD-CB19-479D-A0E9-8745C56CA4BF}.Debug|Any CPU.Build.0 = Debug|Any CPU
		{D68AA9FD-CB19-479D-A0E9-8745C56CA4BF}.Release|Any CPU.ActiveCfg = Release|Any CPU
		{D68AA9FD-CB19-479D-A0E9-8745C56CA4BF}.Release|Any CPU.Build.0 = Release|Any CPU
	EndGlobalSection
	GlobalSection(SolutionProperties) = preSolution
		HideSolutionNode = FALSE
	EndGlobalSection
	GlobalSection(ExtensibilityGlobals) = postSolution
		SolutionGuid = {13DEBDB4-D4BA-4B48-A955-CF46B82C4B2A}
	EndGlobalSection
EndGlobal
